// !$*UTF8*$!
{
	archiveVersion = 1;
	classes = {
	};
	objectVersion = 46;
	objects = {

/* Begin PBXBuildFile section */
		91ABA1831A9E6D6500F00CB9 /* main.m in Sources */ = {isa = PBXBuildFile; fileRef = 91ABA1821A9E6D6500F00CB9 /* main.m */; };
		91ABA1861A9E6D6500F00CB9 /* AppDelegate.m in Sources */ = {isa = PBXBuildFile; fileRef = 91ABA1851A9E6D6500F00CB9 /* AppDelegate.m */; };
		91ABA18C1A9E6D6500F00CB9 /* Main.storyboard in Resources */ = {isa = PBXBuildFile; fileRef = 91ABA18A1A9E6D6500F00CB9 /* Main.storyboard */; };
		91ABA18E1A9E6D6500F00CB9 /* Images.xcassets in Resources */ = {isa = PBXBuildFile; fileRef = 91ABA18D1A9E6D6500F00CB9 /* Images.xcassets */; };
		91ABA1911A9E6D6500F00CB9 /* LaunchScreen.xib in Resources */ = {isa = PBXBuildFile; fileRef = 91ABA18F1A9E6D6500F00CB9 /* LaunchScreen.xib */; };
		91ABA19D1A9E6D6500F00CB9 /* FuelControlTests.m in Sources */ = {isa = PBXBuildFile; fileRef = 91ABA19C1A9E6D6500F00CB9 /* FuelControlTests.m */; };
		91ABA1AA1A9E72F400F00CB9 /* VehicleListViewController.m in Sources */ = {isa = PBXBuildFile; fileRef = 91ABA1A91A9E72F400F00CB9 /* VehicleListViewController.m */; };
		91ABA1AE1A9E73C800F00CB9 /* FuelControlModel.xcdatamodeld in Sources */ = {isa = PBXBuildFile; fileRef = 91ABA1AC1A9E73C800F00CB9 /* FuelControlModel.xcdatamodeld */; };
		D76377D41AB14339003D72A8 /* Vehicle.m in Sources */ = {isa = PBXBuildFile; fileRef = D76377D31AB14339003D72A8 /* Vehicle.m */; };
		D769A4E61AB2927200AE90E2 /* EditVehicleViewController.m in Sources */ = {isa = PBXBuildFile; fileRef = D769A4E51AB2927200AE90E2 /* EditVehicleViewController.m */; };
		D780D5261AD3809F00B3CCB2 /* SettingsManager.m in Sources */ = {isa = PBXBuildFile; fileRef = D780D5251AD3809F00B3CCB2 /* SettingsManager.m */; };
		D780D5291AD392CB00B3CCB2 /* FuelEntry.m in Sources */ = {isa = PBXBuildFile; fileRef = D780D5281AD392CB00B3CCB2 /* FuelEntry.m */; };
		D780F6241AB10556004327F6 /* StoreKit.framework in Frameworks */ = {isa = PBXBuildFile; fileRef = D780F6231AB10556004327F6 /* StoreKit.framework */; };
		D780F6291AB10C10004327F6 /* DataManager.m in Sources */ = {isa = PBXBuildFile; fileRef = D780F6281AB10C10004327F6 /* DataManager.m */; };
		D7933B071AC506B0003D1F84 /* FuelingsTableViewController.m in Sources */ = {isa = PBXBuildFile; fileRef = D7933B061AC506B0003D1F84 /* FuelingsTableViewController.m */; };
		D79453F21AC8FC22006EFCC3 /* EditFuelEntryViewController.m in Sources */ = {isa = PBXBuildFile; fileRef = D79453F11AC8FC22006EFCC3 /* EditFuelEntryViewController.m */; };
		D7D290BC1ACBA987001A63C9 /* FuelEntry+FuelEntryExtensions.m in Sources */ = {isa = PBXBuildFile; fileRef = D7D290BB1ACBA987001A63C9 /* FuelEntry+FuelEntryExtensions.m */; };
/* End PBXBuildFile section */

/* Begin PBXContainerItemProxy section */
		91ABA1971A9E6D6500F00CB9 /* PBXContainerItemProxy */ = {
			isa = PBXContainerItemProxy;
			containerPortal = 91ABA1751A9E6D6500F00CB9 /* Project object */;
			proxyType = 1;
			remoteGlobalIDString = 91ABA17C1A9E6D6500F00CB9;
			remoteInfo = FuelControl;
		};
/* End PBXContainerItemProxy section */

/* Begin PBXFileReference section */
		91ABA17D1A9E6D6500F00CB9 /* FuelControl.app */ = {isa = PBXFileReference; explicitFileType = wrapper.application; includeInIndex = 0; path = FuelControl.app; sourceTree = BUILT_PRODUCTS_DIR; };
		91ABA1811A9E6D6500F00CB9 /* Info.plist */ = {isa = PBXFileReference; lastKnownFileType = text.plist.xml; path = Info.plist; sourceTree = "<group>"; };
		91ABA1821A9E6D6500F00CB9 /* main.m */ = {isa = PBXFileReference; lastKnownFileType = sourcecode.c.objc; path = main.m; sourceTree = "<group>"; };
		91ABA1841A9E6D6500F00CB9 /* AppDelegate.h */ = {isa = PBXFileReference; lastKnownFileType = sourcecode.c.h; path = AppDelegate.h; sourceTree = "<group>"; };
		91ABA1851A9E6D6500F00CB9 /* AppDelegate.m */ = {isa = PBXFileReference; lastKnownFileType = sourcecode.c.objc; path = AppDelegate.m; sourceTree = "<group>"; };
		91ABA18B1A9E6D6500F00CB9 /* Base */ = {isa = PBXFileReference; lastKnownFileType = file.storyboard; name = Base; path = Base.lproj/Main.storyboard; sourceTree = "<group>"; };
		91ABA18D1A9E6D6500F00CB9 /* Images.xcassets */ = {isa = PBXFileReference; lastKnownFileType = folder.assetcatalog; path = Images.xcassets; sourceTree = "<group>"; };
		91ABA1901A9E6D6500F00CB9 /* Base */ = {isa = PBXFileReference; lastKnownFileType = file.xib; name = Base; path = Base.lproj/LaunchScreen.xib; sourceTree = "<group>"; };
		91ABA1961A9E6D6500F00CB9 /* FuelControlTests.xctest */ = {isa = PBXFileReference; explicitFileType = wrapper.cfbundle; includeInIndex = 0; path = FuelControlTests.xctest; sourceTree = BUILT_PRODUCTS_DIR; };
		91ABA19B1A9E6D6500F00CB9 /* Info.plist */ = {isa = PBXFileReference; lastKnownFileType = text.plist.xml; path = Info.plist; sourceTree = "<group>"; };
		91ABA19C1A9E6D6500F00CB9 /* FuelControlTests.m */ = {isa = PBXFileReference; lastKnownFileType = sourcecode.c.objc; path = FuelControlTests.m; sourceTree = "<group>"; };
		91ABA1A81A9E72F400F00CB9 /* VehicleListViewController.h */ = {isa = PBXFileReference; fileEncoding = 4; lastKnownFileType = sourcecode.c.h; name = VehicleListViewController.h; path = ViewControllers/VehicleListViewController.h; sourceTree = "<group>"; };
		91ABA1A91A9E72F400F00CB9 /* VehicleListViewController.m */ = {isa = PBXFileReference; fileEncoding = 4; lastKnownFileType = sourcecode.c.objc; name = VehicleListViewController.m; path = ViewControllers/VehicleListViewController.m; sourceTree = "<group>"; };
		91ABA1AD1A9E73C800F00CB9 /* FuelControlModel.xcdatamodel */ = {isa = PBXFileReference; lastKnownFileType = wrapper.xcdatamodel; path = FuelControlModel.xcdatamodel; sourceTree = "<group>"; };
		D76377D21AB14339003D72A8 /* Vehicle.h */ = {isa = PBXFileReference; fileEncoding = 4; lastKnownFileType = sourcecode.c.h; name = Vehicle.h; path = Model/Entities/Vehicle.h; sourceTree = "<group>"; };
		D76377D31AB14339003D72A8 /* Vehicle.m */ = {isa = PBXFileReference; fileEncoding = 4; lastKnownFileType = sourcecode.c.objc; name = Vehicle.m; path = Model/Entities/Vehicle.m; sourceTree = "<group>"; };
		D769A4E41AB2927200AE90E2 /* EditVehicleViewController.h */ = {isa = PBXFileReference; fileEncoding = 4; lastKnownFileType = sourcecode.c.h; name = EditVehicleViewController.h; path = ViewControllers/EditVehicleViewController.h; sourceTree = "<group>"; };
		D769A4E51AB2927200AE90E2 /* EditVehicleViewController.m */ = {isa = PBXFileReference; fileEncoding = 4; lastKnownFileType = sourcecode.c.objc; name = EditVehicleViewController.m; path = ViewControllers/EditVehicleViewController.m; sourceTree = "<group>"; };
		D780D5241AD3809F00B3CCB2 /* SettingsManager.h */ = {isa = PBXFileReference; fileEncoding = 4; lastKnownFileType = sourcecode.c.h; name = SettingsManager.h; path = Model/Managers/SettingsManager.h; sourceTree = "<group>"; };
		D780D5251AD3809F00B3CCB2 /* SettingsManager.m */ = {isa = PBXFileReference; fileEncoding = 4; lastKnownFileType = sourcecode.c.objc; name = SettingsManager.m; path = Model/Managers/SettingsManager.m; sourceTree = "<group>"; };
		D780D5271AD392CB00B3CCB2 /* FuelEntry.h */ = {isa = PBXFileReference; fileEncoding = 4; lastKnownFileType = sourcecode.c.h; name = FuelEntry.h; path = Model/Entities/FuelEntry.h; sourceTree = "<group>"; };
		D780D5281AD392CB00B3CCB2 /* FuelEntry.m */ = {isa = PBXFileReference; fileEncoding = 4; lastKnownFileType = sourcecode.c.objc; name = FuelEntry.m; path = Model/Entities/FuelEntry.m; sourceTree = "<group>"; };
		D780F6231AB10556004327F6 /* StoreKit.framework */ = {isa = PBXFileReference; lastKnownFileType = wrapper.framework; name = StoreKit.framework; path = System/Library/Frameworks/StoreKit.framework; sourceTree = SDKROOT; };
		D780F6271AB10C10004327F6 /* DataManager.h */ = {isa = PBXFileReference; fileEncoding = 4; lastKnownFileType = sourcecode.c.h; name = DataManager.h; path = Model/Managers/DataManager.h; sourceTree = "<group>"; };
		D780F6281AB10C10004327F6 /* DataManager.m */ = {isa = PBXFileReference; fileEncoding = 4; lastKnownFileType = sourcecode.c.objc; name = DataManager.m; path = Model/Managers/DataManager.m; sourceTree = "<group>"; };
		D7933B051AC506B0003D1F84 /* FuelingsTableViewController.h */ = {isa = PBXFileReference; fileEncoding = 4; lastKnownFileType = sourcecode.c.h; name = FuelingsTableViewController.h; path = ViewControllers/FuelingsTableViewController.h; sourceTree = "<group>"; };
		D7933B061AC506B0003D1F84 /* FuelingsTableViewController.m */ = {isa = PBXFileReference; fileEncoding = 4; lastKnownFileType = sourcecode.c.objc; name = FuelingsTableViewController.m; path = ViewControllers/FuelingsTableViewController.m; sourceTree = "<group>"; };
		D79453F01AC8FC22006EFCC3 /* EditFuelEntryViewController.h */ = {isa = PBXFileReference; fileEncoding = 4; lastKnownFileType = sourcecode.c.h; name = EditFuelEntryViewController.h; path = ViewControllers/EditFuelEntryViewController.h; sourceTree = "<group>"; };
		D79453F11AC8FC22006EFCC3 /* EditFuelEntryViewController.m */ = {isa = PBXFileReference; fileEncoding = 4; lastKnownFileType = sourcecode.c.objc; name = EditFuelEntryViewController.m; path = ViewControllers/EditFuelEntryViewController.m; sourceTree = "<group>"; };
		D7D290BA1ACBA987001A63C9 /* FuelEntry+FuelEntryExtensions.h */ = {isa = PBXFileReference; fileEncoding = 4; lastKnownFileType = sourcecode.c.h; name = "FuelEntry+FuelEntryExtensions.h"; path = "Model/Extensions/FuelEntry+FuelEntryExtensions.h"; sourceTree = "<group>"; };
		D7D290BB1ACBA987001A63C9 /* FuelEntry+FuelEntryExtensions.m */ = {isa = PBXFileReference; fileEncoding = 4; lastKnownFileType = sourcecode.c.objc; name = "FuelEntry+FuelEntryExtensions.m"; path = "Model/Extensions/FuelEntry+FuelEntryExtensions.m"; sourceTree = "<group>"; };
/* End PBXFileReference section */

/* Begin PBXFrameworksBuildPhase section */
		91ABA17A1A9E6D6500F00CB9 /* Frameworks */ = {
			isa = PBXFrameworksBuildPhase;
			buildActionMask = 2147483647;
			files = (
				D780F6241AB10556004327F6 /* StoreKit.framework in Frameworks */,
			);
			runOnlyForDeploymentPostprocessing = 0;
		};
		91ABA1931A9E6D6500F00CB9 /* Frameworks */ = {
			isa = PBXFrameworksBuildPhase;
			buildActionMask = 2147483647;
			files = (
			);
			runOnlyForDeploymentPostprocessing = 0;
		};
/* End PBXFrameworksBuildPhase section */

/* Begin PBXGroup section */
		91ABA1741A9E6D6500F00CB9 = {
			isa = PBXGroup;
			children = (
				D780F6231AB10556004327F6 /* StoreKit.framework */,
				91ABA17F1A9E6D6500F00CB9 /* FuelControl */,
				91ABA1991A9E6D6500F00CB9 /* FuelControlTests */,
				91ABA17E1A9E6D6500F00CB9 /* Products */,
			);
			sourceTree = "<group>";
		};
		91ABA17E1A9E6D6500F00CB9 /* Products */ = {
			isa = PBXGroup;
			children = (
				91ABA17D1A9E6D6500F00CB9 /* FuelControl.app */,
				91ABA1961A9E6D6500F00CB9 /* FuelControlTests.xctest */,
			);
			name = Products;
			sourceTree = "<group>";
		};
		91ABA17F1A9E6D6500F00CB9 /* FuelControl */ = {
			isa = PBXGroup;
			children = (
				91ABA1A71A9E71E800F00CB9 /* Model */,
				91ABA1A61A9E71E200F00CB9 /* ViewControllers */,
				91ABA1841A9E6D6500F00CB9 /* AppDelegate.h */,
				91ABA1851A9E6D6500F00CB9 /* AppDelegate.m */,
				91ABA18A1A9E6D6500F00CB9 /* Main.storyboard */,
				91ABA18D1A9E6D6500F00CB9 /* Images.xcassets */,
				91ABA18F1A9E6D6500F00CB9 /* LaunchScreen.xib */,
				91ABA1801A9E6D6500F00CB9 /* Supporting Files */,
				91ABA1AC1A9E73C800F00CB9 /* FuelControlModel.xcdatamodeld */,
			);
			path = FuelControl;
			sourceTree = "<group>";
		};
		91ABA1801A9E6D6500F00CB9 /* Supporting Files */ = {
			isa = PBXGroup;
			children = (
				91ABA1811A9E6D6500F00CB9 /* Info.plist */,
				91ABA1821A9E6D6500F00CB9 /* main.m */,
			);
			name = "Supporting Files";
			sourceTree = "<group>";
		};
		91ABA1991A9E6D6500F00CB9 /* FuelControlTests */ = {
			isa = PBXGroup;
			children = (
				91ABA19C1A9E6D6500F00CB9 /* FuelControlTests.m */,
				91ABA19A1A9E6D6500F00CB9 /* Supporting Files */,
			);
			path = FuelControlTests;
			sourceTree = "<group>";
		};
		91ABA19A1A9E6D6500F00CB9 /* Supporting Files */ = {
			isa = PBXGroup;
			children = (
				91ABA19B1A9E6D6500F00CB9 /* Info.plist */,
			);
			name = "Supporting Files";
			sourceTree = "<group>";
		};
		91ABA1A61A9E71E200F00CB9 /* ViewControllers */ = {
			isa = PBXGroup;
			children = (
				91ABA1A81A9E72F400F00CB9 /* VehicleListViewController.h */,
				91ABA1A91A9E72F400F00CB9 /* VehicleListViewController.m */,
				D769A4E41AB2927200AE90E2 /* EditVehicleViewController.h */,
				D769A4E51AB2927200AE90E2 /* EditVehicleViewController.m */,
				D7933B051AC506B0003D1F84 /* FuelingsTableViewController.h */,
				D7933B061AC506B0003D1F84 /* FuelingsTableViewController.m */,
				D79453F01AC8FC22006EFCC3 /* EditFuelEntryViewController.h */,
				D79453F11AC8FC22006EFCC3 /* EditFuelEntryViewController.m */,
			);
			name = ViewControllers;
			sourceTree = "<group>";
		};
		91ABA1A71A9E71E800F00CB9 /* Model */ = {
			isa = PBXGroup;
			children = (
				91ABA1AB1A9E739800F00CB9 /* Entities */,
				D780F6251AB10615004327F6 /* Extensions */,
				D780F6261AB10BC7004327F6 /* Managers */,
			);
			name = Model;
			sourceTree = "<group>";
		};
		91ABA1AB1A9E739800F00CB9 /* Entities */ = {
			isa = PBXGroup;
			children = (
				D780D5271AD392CB00B3CCB2 /* FuelEntry.h */,
				D780D5281AD392CB00B3CCB2 /* FuelEntry.m */,
				D76377D21AB14339003D72A8 /* Vehicle.h */,
				D76377D31AB14339003D72A8 /* Vehicle.m */,
			);
			name = Entities;
			sourceTree = "<group>";
		};
		D780F6251AB10615004327F6 /* Extensions */ = {
			isa = PBXGroup;
			children = (
				D7D290BA1ACBA987001A63C9 /* FuelEntry+FuelEntryExtensions.h */,
				D7D290BB1ACBA987001A63C9 /* FuelEntry+FuelEntryExtensions.m */,
			);
			name = Extensions;
			sourceTree = "<group>";
		};
		D780F6261AB10BC7004327F6 /* Managers */ = {
			isa = PBXGroup;
			children = (
				D780F6271AB10C10004327F6 /* DataManager.h */,
				D780F6281AB10C10004327F6 /* DataManager.m */,
				D780D5241AD3809F00B3CCB2 /* SettingsManager.h */,
				D780D5251AD3809F00B3CCB2 /* SettingsManager.m */,
			);
			name = Managers;
			sourceTree = "<group>";
		};
/* End PBXGroup section */

/* Begin PBXNativeTarget section */
		91ABA17C1A9E6D6500F00CB9 /* FuelControl */ = {
			isa = PBXNativeTarget;
			buildConfigurationList = 91ABA1A01A9E6D6500F00CB9 /* Build configuration list for PBXNativeTarget "FuelControl" */;
			buildPhases = (
				91ABA1791A9E6D6500F00CB9 /* Sources */,
				91ABA17A1A9E6D6500F00CB9 /* Frameworks */,
				91ABA17B1A9E6D6500F00CB9 /* Resources */,
			);
			buildRules = (
			);
			dependencies = (
			);
			name = FuelControl;
			productName = FuelControl;
			productReference = 91ABA17D1A9E6D6500F00CB9 /* FuelControl.app */;
			productType = "com.apple.product-type.application";
		};
		91ABA1951A9E6D6500F00CB9 /* FuelControlTests */ = {
			isa = PBXNativeTarget;
			buildConfigurationList = 91ABA1A31A9E6D6500F00CB9 /* Build configuration list for PBXNativeTarget "FuelControlTests" */;
			buildPhases = (
				91ABA1921A9E6D6500F00CB9 /* Sources */,
				91ABA1931A9E6D6500F00CB9 /* Frameworks */,
				91ABA1941A9E6D6500F00CB9 /* Resources */,
			);
			buildRules = (
			);
			dependencies = (
				91ABA1981A9E6D6500F00CB9 /* PBXTargetDependency */,
			);
			name = FuelControlTests;
			productName = FuelControlTests;
			productReference = 91ABA1961A9E6D6500F00CB9 /* FuelControlTests.xctest */;
			productType = "com.apple.product-type.bundle.unit-test";
		};
/* End PBXNativeTarget section */

/* Begin PBXProject section */
		91ABA1751A9E6D6500F00CB9 /* Project object */ = {
			isa = PBXProject;
			attributes = {
				LastUpgradeCheck = 0610;
				ORGANIZATIONNAME = PapiusSoft;
				TargetAttributes = {
					91ABA17C1A9E6D6500F00CB9 = {
						CreatedOnToolsVersion = 6.1.1;
						DevelopmentTeam = 73CP8W878S;
						SystemCapabilities = {
							com.apple.InAppPurchase = {
								enabled = 1;
							};
						};
					};
					91ABA1951A9E6D6500F00CB9 = {
						CreatedOnToolsVersion = 6.1.1;
						TestTargetID = 91ABA17C1A9E6D6500F00CB9;
					};
				};
			};
			buildConfigurationList = 91ABA1781A9E6D6500F00CB9 /* Build configuration list for PBXProject "FuelControl" */;
			compatibilityVersion = "Xcode 3.2";
			developmentRegion = English;
			hasScannedForEncodings = 0;
			knownRegions = (
				en,
				Base,
			);
			mainGroup = 91ABA1741A9E6D6500F00CB9;
			productRefGroup = 91ABA17E1A9E6D6500F00CB9 /* Products */;
			projectDirPath = "";
			projectRoot = "";
			targets = (
				91ABA17C1A9E6D6500F00CB9 /* FuelControl */,
				91ABA1951A9E6D6500F00CB9 /* FuelControlTests */,
			);
		};
/* End PBXProject section */

/* Begin PBXResourcesBuildPhase section */
		91ABA17B1A9E6D6500F00CB9 /* Resources */ = {
			isa = PBXResourcesBuildPhase;
			buildActionMask = 2147483647;
			files = (
				91ABA18C1A9E6D6500F00CB9 /* Main.storyboard in Resources */,
				91ABA1911A9E6D6500F00CB9 /* LaunchScreen.xib in Resources */,
				91ABA18E1A9E6D6500F00CB9 /* Images.xcassets in Resources */,
			);
			runOnlyForDeploymentPostprocessing = 0;
		};
		91ABA1941A9E6D6500F00CB9 /* Resources */ = {
			isa = PBXResourcesBuildPhase;
			buildActionMask = 2147483647;
			files = (
			);
			runOnlyForDeploymentPostprocessing = 0;
		};
/* End PBXResourcesBuildPhase section */

/* Begin PBXSourcesBuildPhase section */
		91ABA1791A9E6D6500F00CB9 /* Sources */ = {
			isa = PBXSourcesBuildPhase;
			buildActionMask = 2147483647;
			files = (
				91ABA1861A9E6D6500F00CB9 /* AppDelegate.m in Sources */,
				91ABA1AA1A9E72F400F00CB9 /* VehicleListViewController.m in Sources */,
				D780F6291AB10C10004327F6 /* DataManager.m in Sources */,
				D769A4E61AB2927200AE90E2 /* EditVehicleViewController.m in Sources */,
				D780D5291AD392CB00B3CCB2 /* FuelEntry.m in Sources */,
				D780D5261AD3809F00B3CCB2 /* SettingsManager.m in Sources */,
				D76377D41AB14339003D72A8 /* Vehicle.m in Sources */,
				D7933B071AC506B0003D1F84 /* FuelingsTableViewController.m in Sources */,
				91ABA1831A9E6D6500F00CB9 /* main.m in Sources */,
				D7D290BC1ACBA987001A63C9 /* FuelEntry+FuelEntryExtensions.m in Sources */,
				D79453F21AC8FC22006EFCC3 /* EditFuelEntryViewController.m in Sources */,
				91ABA1AE1A9E73C800F00CB9 /* FuelControlModel.xcdatamodeld in Sources */,
			);
			runOnlyForDeploymentPostprocessing = 0;
		};
		91ABA1921A9E6D6500F00CB9 /* Sources */ = {
			isa = PBXSourcesBuildPhase;
			buildActionMask = 2147483647;
			files = (
				91ABA19D1A9E6D6500F00CB9 /* FuelControlTests.m in Sources */,
			);
			runOnlyForDeploymentPostprocessing = 0;
		};
/* End PBXSourcesBuildPhase section */

/* Begin PBXTargetDependency section */
		91ABA1981A9E6D6500F00CB9 /* PBXTargetDependency */ = {
			isa = PBXTargetDependency;
			target = 91ABA17C1A9E6D6500F00CB9 /* FuelControl */;
			targetProxy = 91ABA1971A9E6D6500F00CB9 /* PBXContainerItemProxy */;
		};
/* End PBXTargetDependency section */

/* Begin PBXVariantGroup section */
		91ABA18A1A9E6D6500F00CB9 /* Main.storyboard */ = {
			isa = PBXVariantGroup;
			children = (
				91ABA18B1A9E6D6500F00CB9 /* Base */,
			);
			name = Main.storyboard;
			sourceTree = "<group>";
		};
		91ABA18F1A9E6D6500F00CB9 /* LaunchScreen.xib */ = {
			isa = PBXVariantGroup;
			children = (
				91ABA1901A9E6D6500F00CB9 /* Base */,
			);
			name = LaunchScreen.xib;
			sourceTree = "<group>";
		};
/* End PBXVariantGroup section */

/* Begin XCBuildConfiguration section */
		91ABA19E1A9E6D6500F00CB9 /* Debug */ = {
			isa = XCBuildConfiguration;
			buildSettings = {
				ALWAYS_SEARCH_USER_PATHS = NO;
				CLANG_CXX_LANGUAGE_STANDARD = "gnu++0x";
				CLANG_CXX_LIBRARY = "libc++";
				CLANG_ENABLE_MODULES = YES;
				CLANG_ENABLE_OBJC_ARC = YES;
				CLANG_WARN_BOOL_CONVERSION = YES;
				CLANG_WARN_CONSTANT_CONVERSION = YES;
				CLANG_WARN_DIRECT_OBJC_ISA_USAGE = YES_ERROR;
				CLANG_WARN_EMPTY_BODY = YES;
				CLANG_WARN_ENUM_CONVERSION = YES;
				CLANG_WARN_INT_CONVERSION = YES;
				CLANG_WARN_OBJC_ROOT_CLASS = YES_ERROR;
				CLANG_WARN_UNREACHABLE_CODE = YES;
				CLANG_WARN__DUPLICATE_METHOD_MATCH = YES;
				"CODE_SIGN_IDENTITY[sdk=iphoneos*]" = "iPhone Developer";
				COPY_PHASE_STRIP = NO;
				ENABLE_STRICT_OBJC_MSGSEND = YES;
				GCC_C_LANGUAGE_STANDARD = gnu99;
				GCC_DYNAMIC_NO_PIC = NO;
				GCC_OPTIMIZATION_LEVEL = 0;
				GCC_PREPROCESSOR_DEFINITIONS = (
					"DEBUG=1",
					"$(inherited)",
				);
				GCC_SYMBOLS_PRIVATE_EXTERN = NO;
				GCC_WARN_64_TO_32_BIT_CONVERSION = YES;
				GCC_WARN_ABOUT_RETURN_TYPE = YES_ERROR;
				GCC_WARN_UNDECLARED_SELECTOR = YES;
				GCC_WARN_UNINITIALIZED_AUTOS = YES_AGGRESSIVE;
				GCC_WARN_UNUSED_FUNCTION = YES;
				GCC_WARN_UNUSED_VARIABLE = YES;
				IPHONEOS_DEPLOYMENT_TARGET = 8.1;
				MTL_ENABLE_DEBUG_INFO = YES;
				ONLY_ACTIVE_ARCH = YES;
				SDKROOT = iphoneos;
			};
			name = Debug;
		};
		91ABA19F1A9E6D6500F00CB9 /* Release */ = {
			isa = XCBuildConfiguration;
			buildSettings = {
				ALWAYS_SEARCH_USER_PATHS = NO;
				CLANG_CXX_LANGUAGE_STANDARD = "gnu++0x";
				CLANG_CXX_LIBRARY = "libc++";
				CLANG_ENABLE_MODULES = YES;
				CLANG_ENABLE_OBJC_ARC = YES;
				CLANG_WARN_BOOL_CONVERSION = YES;
				CLANG_WARN_CONSTANT_CONVERSION = YES;
				CLANG_WARN_DIRECT_OBJC_ISA_USAGE = YES_ERROR;
				CLANG_WARN_EMPTY_BODY = YES;
				CLANG_WARN_ENUM_CONVERSION = YES;
				CLANG_WARN_INT_CONVERSION = YES;
				CLANG_WARN_OBJC_ROOT_CLASS = YES_ERROR;
				CLANG_WARN_UNREACHABLE_CODE = YES;
				CLANG_WARN__DUPLICATE_METHOD_MATCH = YES;
				"CODE_SIGN_IDENTITY[sdk=iphoneos*]" = "iPhone Developer";
				COPY_PHASE_STRIP = YES;
				ENABLE_NS_ASSERTIONS = NO;
				ENABLE_STRICT_OBJC_MSGSEND = YES;
				GCC_C_LANGUAGE_STANDARD = gnu99;
				GCC_WARN_64_TO_32_BIT_CONVERSION = YES;
				GCC_WARN_ABOUT_RETURN_TYPE = YES_ERROR;
				GCC_WARN_UNDECLARED_SELECTOR = YES;
				GCC_WARN_UNINITIALIZED_AUTOS = YES_AGGRESSIVE;
				GCC_WARN_UNUSED_FUNCTION = YES;
				GCC_WARN_UNUSED_VARIABLE = YES;
				IPHONEOS_DEPLOYMENT_TARGET = 8.1;
				MTL_ENABLE_DEBUG_INFO = NO;
				SDKROOT = iphoneos;
				VALIDATE_PRODUCT = YES;
			};
			name = Release;
		};
		91ABA1A11A9E6D6500F00CB9 /* Debug */ = {
			isa = XCBuildConfiguration;
			buildSettings = {
				ASSETCATALOG_COMPILER_APPICON_NAME = AppIcon;
				CODE_SIGN_IDENTITY = "iPhone Developer";
				"CODE_SIGN_IDENTITY[sdk=iphoneos*]" = "iPhone Developer";
				INFOPLIST_FILE = FuelControl/Info.plist;
				LD_RUNPATH_SEARCH_PATHS = "$(inherited) @executable_path/Frameworks";
				PRODUCT_NAME = "$(TARGET_NAME)";
				PROVISIONING_PROFILE = "";
			};
			name = Debug;
		};
		91ABA1A21A9E6D6500F00CB9 /* Release */ = {
			isa = XCBuildConfiguration;
			buildSettings = {
				ASSETCATALOG_COMPILER_APPICON_NAME = AppIcon;
				CODE_SIGN_IDENTITY = "iPhone Developer";
				"CODE_SIGN_IDENTITY[sdk=iphoneos*]" = "iPhone Developer";
				INFOPLIST_FILE = FuelControl/Info.plist;
				LD_RUNPATH_SEARCH_PATHS = "$(inherited) @executable_path/Frameworks";
				PRODUCT_NAME = "$(TARGET_NAME)";
				PROVISIONING_PROFILE = "";
			};
			name = Release;
		};
		91ABA1A41A9E6D6500F00CB9 /* Debug */ = {
			isa = XCBuildConfiguration;
			buildSettings = {
				BUNDLE_LOADER = "$(TEST_HOST)";
				FRAMEWORK_SEARCH_PATHS = (
					"$(SDKROOT)/Developer/Library/Frameworks",
					"$(inherited)",
				);
				GCC_PREPROCESSOR_DEFINITIONS = (
					"DEBUG=1",
					"$(inherited)",
				);
				INFOPLIST_FILE = FuelControlTests/Info.plist;
				LD_RUNPATH_SEARCH_PATHS = "$(inherited) @executable_path/Frameworks @loader_path/Frameworks";
				PRODUCT_NAME = "$(TARGET_NAME)";
				TEST_HOST = "$(BUILT_PRODUCTS_DIR)/FuelControl.app/FuelControl";
			};
			name = Debug;
		};
		91ABA1A51A9E6D6500F00CB9 /* Release */ = {
			isa = XCBuildConfiguration;
			buildSettings = {
				BUNDLE_LOADER = "$(TEST_HOST)";
				FRAMEWORK_SEARCH_PATHS = (
					"$(SDKROOT)/Developer/Library/Frameworks",
					"$(inherited)",
				);
				INFOPLIST_FILE = FuelControlTests/Info.plist;
				LD_RUNPATH_SEARCH_PATHS = "$(inherited) @executable_path/Frameworks @loader_path/Frameworks";
				PRODUCT_NAME = "$(TARGET_NAME)";
				TEST_HOST = "$(BUILT_PRODUCTS_DIR)/FuelControl.app/FuelControl";
			};
			name = Release;
		};
/* End XCBuildConfiguration section */

/* Begin XCConfigurationList section */
		91ABA1781A9E6D6500F00CB9 /* Build configuration list for PBXProject "FuelControl" */ = {
			isa = XCConfigurationList;
			buildConfigurations = (
				91ABA19E1A9E6D6500F00CB9 /* Debug */,
				91ABA19F1A9E6D6500F00CB9 /* Release */,
			);
			defaultConfigurationIsVisible = 0;
			defaultConfigurationName = Release;
		};
		91ABA1A01A9E6D6500F00CB9 /* Build configuration list for PBXNativeTarget "FuelControl" */ = {
			isa = XCConfigurationList;
			buildConfigurations = (
				91ABA1A11A9E6D6500F00CB9 /* Debug */,
				91ABA1A21A9E6D6500F00CB9 /* Release */,
			);
			defaultConfigurationIsVisible = 0;
			defaultConfigurationName = Release;
		};
		91ABA1A31A9E6D6500F00CB9 /* Build configuration list for PBXNativeTarget "FuelControlTests" */ = {
			isa = XCConfigurationList;
			buildConfigurations = (
				91ABA1A41A9E6D6500F00CB9 /* Debug */,
				91ABA1A51A9E6D6500F00CB9 /* Release */,
			);
			defaultConfigurationIsVisible = 0;
			defaultConfigurationName = Release;
		};
/* End XCConfigurationList section */

/* Begin XCVersionGroup section */
		91ABA1AC1A9E73C800F00CB9 /* FuelControlModel.xcdatamodeld */ = {
			isa = XCVersionGroup;
			children = (
				91ABA1AD1A9E73C800F00CB9 /* FuelControlModel.xcdatamodel */,
			);
			currentVersion = 91ABA1AD1A9E73C800F00CB9 /* FuelControlModel.xcdatamodel */;
			path = FuelControlModel.xcdatamodeld;
			sourceTree = "<group>";
			versionGroupType = wrapper.xcdatamodel;
		};
/* End XCVersionGroup section */
	};
	rootObject = 91ABA1751A9E6D6500F00CB9 /* Project object */;
}
